
Microsoft Visual Studio Solution File, Format Version 12.00
# Visual Studio 15
VisualStudioVersion = 15.0.28010.2016
MinimumVisualStudioVersion = 10.0.40219.1
Project("{FAE04EC0-301F-11D3-BF4B-00C04F79EFBC}") = "regression", "regression\regression.csproj", "{BAA5BA30-6DEF-4BA4-98FC-4E3FC32A7407}"
EndProject
Project("{FAE04EC0-301F-11D3-BF4B-00C04F79EFBC}") = "classification", "classification\classification.csproj", "{01DE264A-20D1-46DD-AB0B-DD4371EAC75C}"
EndProject
Global
	GlobalSection(SolutionConfigurationPlatforms) = preSolution
		Debug|Any CPU = Debug|Any CPU
		Release|Any CPU = Release|Any CPU
	EndGlobalSection
	GlobalSection(ProjectConfigurationPlatforms) = postSolution
		{BAA5BA30-6DEF-4BA4-98FC-4E3FC32A7407}.Debug|Any CPU.ActiveCfg = Debug|x64
		{BAA5BA30-6DEF-4BA4-98FC-4E3FC32A7407}.Debug|Any CPU.Build.0 = Debug|x64
		{BAA5BA30-6DEF-4BA4-98FC-4E3FC32A7407}.Release|Any CPU.ActiveCfg = Release|Any CPU
		{BAA5BA30-6DEF-4BA4-98FC-4E3FC32A7407}.Release|Any CPU.Build.0 = Release|Any CPU
		{01DE264A-20D1-46DD-AB0B-DD4371EAC75C}.Debug|Any CPU.ActiveCfg = Debug|Any CPU
		{01DE264A-20D1-46DD-AB0B-DD4371EAC75C}.Debug|Any CPU.Build.0 = Debug|Any CPU
		{01DE264A-20D1-46DD-AB0B-DD4371EAC75C}.Release|Any CPU.ActiveCfg = Release|Any CPU
		{01DE264A-20D1-46DD-AB0B-DD4371EAC75C}.Release|Any CPU.Build.0 = Release|Any CPU
	EndGlobalSection
	GlobalSection(SolutionProperties) = preSolution
		HideSolutionNode = FALSE
	EndGlobalSection
	GlobalSection(ExtensibilityGlobals) = postSolution
		SolutionGuid = {08B9BC31-A8A9-43D3-AA30-ABA493C8B889}
	EndGlobalSection
EndGlobal
